{
  "name": "tools",
  "lockfileVersion": 3,
  "requires": true,
  "packages": {
    "": {
      "dependencies": {
        "pyserial": "^0.0.1-security"
      }
    },
    "node_modules/pyserial": {
      "version": "0.0.1-security",
      "resolved": "https://registry.npmjs.org/pyserial/-/pyserial-0.0.1-security.tgz",
      "integrity": "sha512-+iIH06eLoFfLFIgJB1uK0wjNPHVdXF0MVicu9maW4MkvW3fVaDCQku+mDXIRTdmj0nr37+3Yuy3Se+oMOz8CqQ=="
    }
  }
}
